
Microsoft Visual Studio Solution File, Format Version 12.00
# Visual Studio Version 17
VisualStudioVersion = 17.7.34009.444
MinimumVisualStudioVersion = 10.0.40219.1
Project("{FAE04EC0-301F-11D3-BF4B-00C04F79EFBC}") = "TestGithub2711", "TestGithub2711\TestGithub2711.csproj", "{5BAEEA1B-5EA7-4D63-B07F-1A36E4D53D63}"
EndProject
Global
	GlobalSection(SolutionConfigurationPlatforms) = preSolution
		Debug|Any CPU = Debug|Any CPU
		Release|Any CPU = Release|Any CPU
	EndGlobalSection
	GlobalSection(ProjectConfigurationPlatforms) = postSolution
		{5BAEEA1B-5EA7-4D63-B07F-1A36E4D53D63}.Debug|Any CPU.ActiveCfg = Debug|Any CPU
		{5BAEEA1B-5EA7-4D63-B07F-1A36E4D53D63}.Debug|Any CPU.Build.0 = Debug|Any CPU
		{5BAEEA1B-5EA7-4D63-B07F-1A36E4D53D63}.Release|Any CPU.ActiveCfg = Release|Any CPU
		{5BAEEA1B-5EA7-4D63-B07F-1A36E4D53D63}.Release|Any CPU.Build.0 = Release|Any CPU
	EndGlobalSection
	GlobalSection(SolutionProperties) = preSolution
		HideSolutionNode = FALSE
	EndGlobalSection
	GlobalSection(ExtensibilityGlobals) = postSolution
		SolutionGuid = {4F5CCFFA-674F-4DF7-9091-5AD266B792B8}
	EndGlobalSection
EndGlobal
